{"version":4,"terraform_version":"1.11.5","serial":1,"lineage":"8eb88aca-4490-4a87-925d-2827f3e037e7","outputs":{},"resources":[{"mode":"data","type":"aws_ami","name":"ubuntu","provider":"provider[\"registry.opentofu.org/hashicorp/aws\"]","instances":[{"schema_version":0,"attributes":{"allow_unsafe_filter":null,"architecture":"x86_64","arn":"arn:aws:ec2:eu-central-1::image/ami-005f97cc4a61dd3b4","block_device_mappings":[{"device_name":"/dev/sda1","ebs":{"delete_on_termination":"true","encrypted":"false","iops":"0","snapshot_id":"snap-02f7b490b9b350712","throughput":"0","volume_initialization_rate":"0","volume_size":"8","volume_type":"gp3"},"no_device":"","virtual_name":""},{"device_name":"/dev/sdb","ebs":{},"no_device":"","virtual_name":"ephemeral0"},{"device_name":"/dev/sdc","ebs":{},"no_device":"","virtual_name":"ephemeral1"}],"boot_mode":"uefi-preferred","creation_date":"2026-02-18T10:51:45.000Z","deprecation_time":"2028-02-18T10:51:45.000Z","description":"Canonical, Ubuntu, 24.04, amd64 noble image","ena_support":true,"executable_users":null,"filter":[{"name":"architecture","values":["x86_64"]},{"name":"name","values":["ubuntu/*-24.04-*"]}],"hypervisor":"xen","id":"ami-005f97cc4a61dd3b4","image_id":"ami-005f97cc4a61dd3b4","image_location":"amazon/ubuntu/images/hvm-ssd-gp3/ubuntu-noble-24.04-amd64-server-20260218","image_owner_alias":"amazon","image_type":"machine","imds_support":"v2.0","include_deprecated":false,"kernel_id":"","last_launched_time":"","most_recent":true,"name":"ubuntu/images/hvm-ssd-gp3/ubuntu-noble-24.04-amd64-server-20260218","name_regex":null,"owner_id":"099720109477","owners":["099720109477"],"platform":"","platform_details":"Linux/UNIX","product_codes":[],"public":true,"ramdisk_id":"","region":"eu-central-1","root_device_name":"/dev/sda1","root_device_type":"ebs","root_snapshot_id":"snap-02f7b490b9b350712","sriov_net_support":"simple","state":"available","state_reason":{"code":"UNSET","message":"UNSET"},"tags":{},"timeouts":null,"tpm_support":"","uefi_data":null,"usage_operation":"RunInstances","virtualization_type":"hvm"},"sensitive_attributes":[]}]},{"mode":"data","type":"aws_vpc","name":"default","provider":"provider[\"registry.opentofu.org/hashicorp/aws\"]","instances":[{"schema_version":0,"attributes":{"arn":"arn:aws:ec2:eu-central-1:288761727775:vpc/vpc-023816d857d358f18","cidr_block":"172.31.0.0/16","cidr_block_associations":[{"association_id":"vpc-cidr-assoc-0a2fd86096e6f9ad9","cidr_block":"172.31.0.0/16","state":"associated"}],"default":true,"dhcp_options_id":"dopt-07555cb07ebe11ee2","enable_dns_hostnames":true,"enable_dns_support":true,"enable_network_address_usage_metrics":false,"filter":null,"id":"vpc-023816d857d358f18","instance_tenancy":"default","ipv6_association_id":"vpc-cidr-assoc-02d8ba65f9dba7469","ipv6_cidr_block":"2a05:d014:1820:1800::/56","main_route_table_id":"rtb-0e2e23f2f939eff89","owner_id":"288761727775","region":"eu-central-1","state":null,"tags":{},"timeouts":null},"sensitive_attributes":[]}]},{"mode":"managed","type":"aws_instance","name":"app_server","provider":"provider[\"registry.opentofu.org/hashicorp/aws\"]","instances":[{"schema_version":2,"attributes":{"ami":"ami-005f97cc4a61dd3b4","arn":"arn:aws:ec2:eu-central-1:288761727775:instance/i-04c72aa0de0b9e9e2","associate_public_ip_address":true,"availability_zone":"eu-central-1b","capacity_reservation_specification":[{"capacity_reservation_preference":"open","capacity_reservation_target":[]}],"cpu_options":[{"amd_sev_snp":"","core_count":1,"nested_virtualization":"","threads_per_core":1}],"credit_specification":[{"cpu_credits":"standard"}],"disable_api_stop":false,"disable_api_termination":false,"ebs_block_device":[],"ebs_optimized":false,"enable_primary_ipv6":null,"enclave_options":[{"enabled":false}],"ephemeral_block_device":[],"force_destroy":false,"get_password_data":false,"hibernation":false,"host_id":"","host_resource_group_arn":null,"iam_instance_profile":"","id":"i-04c72aa0de0b9e9e2","instance_initiated_shutdown_behavior":"stop","instance_lifecycle":"","instance_market_options":[],"instance_state":"running","instance_type":"t2.micro","ipv6_address_count":0,"ipv6_addresses":[],"key_name":"key-ci","launch_template":[],"maintenance_options":[{"auto_recovery":"default"}],"metadata_options":[{"http_endpoint":"enabled","http_protocol_ipv6":"disabled","http_put_response_hop_limit":2,"http_tokens":"required","instance_metadata_tags":"disabled"}],"monitoring":false,"network_interface":[],"outpost_arn":"","password_data":"","placement_group":"","placement_group_id":"","placement_partition_number":0,"primary_network_interface":[{"delete_on_termination":true,"network_interface_id":"eni-08d72fe8b94b50e98"}],"primary_network_interface_id":"eni-08d72fe8b94b50e98","private_dns":"ip-172-31-44-28.eu-central-1.compute.internal","private_dns_name_options":[{"enable_resource_name_dns_a_record":false,"enable_resource_name_dns_aaaa_record":false,"hostname_type":"ip-name"}],"private_ip":"172.31.44.28","public_dns":"ec2-18-184-44-181.eu-central-1.compute.amazonaws.com","public_ip":"18.184.44.181","region":"eu-central-1","root_block_device":[{"delete_on_termination":true,"device_name":"/dev/sda1","encrypted":false,"iops":3000,"kms_key_id":"","tags":{},"tags_all":{},"throughput":125,"volume_id":"vol-00cc3458c78f4c9f2","volume_size":8,"volume_type":"gp3"}],"secondary_network_interface":[],"secondary_private_ips":[],"security_groups":["allow-all-20260226140745976400000001"],"source_dest_check":true,"spot_instance_request_id":"","subnet_id":"subnet-04a58cdbc3cddd7d0","tags":{"Name":"ci"},"tags_all":{"Name":"ci"},"tenancy":"default","timeouts":null,"user_data":"#!/usr/bin/env bash\necho Hallo\n","user_data_base64":null,"user_data_replace_on_change":false,"volume_tags":null,"vpc_security_group_ids":["sg-04027be641cf2ce48"]},"sensitive_attributes":[],"private":"eyJlMmJmYjczMC1lY2FhLTExZTYtOGY4OC0zNDM2M2JjN2M0YzAiOnsiY3JlYXRlIjo2MDAwMDAwMDAwMDAsImRlbGV0ZSI6MTIwMDAwMDAwMDAwMCwicmVhZCI6OTAwMDAwMDAwMDAwLCJ1cGRhdGUiOjYwMDAwMDAwMDAwMH0sInNjaGVtYV92ZXJzaW9uIjoiMiJ9","dependencies":["aws_key_pair.key-ci","aws_security_group.allow_all","data.aws_ami.ubuntu","data.aws_vpc.default"]}]},{"mode":"managed","type":"aws_key_pair","name":"key-ci","provider":"provider[\"registry.opentofu.org/hashicorp/aws\"]","instances":[{"schema_version":1,"attributes":{"arn":"arn:aws:ec2:eu-central-1:288761727775:key-pair/key-ci","fingerprint":"NX1ZphCnM9M9RqFoocXRjGIGTnlQ5FBYC7vGPg628dI=","id":"key-ci","key_name":"key-ci","key_name_prefix":"","key_pair_id":"key-08d263c4a73c518a1","key_type":"ed25519","public_key":"ssh-ed25519 AAAAC3NzaC1lZDI1NTE5AAAAIArAxqVO7EtBIl5vJnxiQj2wficYXFH4SVnw2K69b5kc user@arolla","region":"eu-central-1","tags":null,"tags_all":{}},"sensitive_attributes":[],"private":"eyJzY2hlbWFfdmVyc2lvbiI6IjEifQ=="}]},{"mode":"managed","type":"aws_security_group","name":"allow_all","provider":"provider[\"registry.opentofu.org/hashicorp/aws\"]","instances":[{"schema_version":1,"attributes":{"arn":"arn:aws:ec2:eu-central-1:288761727775:security-group/sg-04027be641cf2ce48","description":"Managed by Terraform","egress":[{"cidr_blocks":["0.0.0.0/0"],"description":"","from_port":0,"ipv6_cidr_blocks":["::/0"],"prefix_list_ids":[],"protocol":"-1","security_groups":[],"self":false,"to_port":0}],"id":"sg-04027be641cf2ce48","ingress":[{"cidr_blocks":["0.0.0.0/0"],"description":"","from_port":0,"ipv6_cidr_blocks":["::/0"],"prefix_list_ids":[],"protocol":"-1","security_groups":[],"self":false,"to_port":0}],"name":"allow-all-20260226140745976400000001","name_prefix":"allow-all-","owner_id":"288761727775","region":"eu-central-1","revoke_rules_on_delete":false,"tags":null,"tags_all":{},"timeouts":null,"vpc_id":"vpc-023816d857d358f18"},"sensitive_attributes":[],"private":"eyJlMmJmYjczMC1lY2FhLTExZTYtOGY4OC0zNDM2M2JjN2M0YzAiOnsiY3JlYXRlIjo2MDAwMDAwMDAwMDAsImRlbGV0ZSI6OTAwMDAwMDAwMDAwfSwic2NoZW1hX3ZlcnNpb24iOiIxIn0=","dependencies":["data.aws_vpc.default"]}]}],"check_results":null}
